
Microsoft Visual Studio Solution File, Format Version 12.00
# Visual Studio 14
VisualStudioVersion = 14.0.23107.0
MinimumVisualStudioVersion = 10.0.40219.1
Project("{FAE04EC0-301F-11D3-BF4B-00C04F79EFBC}") = "Pace", "Pace\Pace.csproj", "{AD881BE2-0C06-4709-B806-0F36D25D9D98}"
EndProject
Project("{FAE04EC0-301F-11D3-BF4B-00C04F79EFBC}") = "DataAccessLayer", "DataAccessLayer\DataAccessLayer.csproj", "{17912B1D-7F99-4DB0-9736-3C8F238D1602}"
EndProject
Project("{FAE04EC0-301F-11D3-BF4B-00C04F79EFBC}") = "Entities", "Entities\Entities.csproj", "{A9726819-2462-4EF7-9251-A315B8833DB0}"
EndProject
Project("{FAE04EC0-301F-11D3-BF4B-00C04F79EFBC}") = "ServiceLayer", "ServiceLayer\ServiceLayer.csproj", "{86CAA80F-819E-47E4-8F81-BBF4282D8DB3}"
EndProject
Project("{FAE04EC0-301F-11D3-BF4B-00C04F79EFBC}") = "UnitTestProject1", "UnitTestProject1\UnitTestProject1.csproj", "{E57A4266-8D93-44C1-8107-82792E0928AF}"
EndProject
Global
	GlobalSection(SolutionConfigurationPlatforms) = preSolution
		Debug|Any CPU = Debug|Any CPU
		Release|Any CPU = Release|Any CPU
	EndGlobalSection
	GlobalSection(ProjectConfigurationPlatforms) = postSolution
		{AD881BE2-0C06-4709-B806-0F36D25D9D98}.Debug|Any CPU.ActiveCfg = Debug|Any CPU
		{AD881BE2-0C06-4709-B806-0F36D25D9D98}.Debug|Any CPU.Build.0 = Debug|Any CPU
		{AD881BE2-0C06-4709-B806-0F36D25D9D98}.Release|Any CPU.ActiveCfg = Release|Any CPU
		{AD881BE2-0C06-4709-B806-0F36D25D9D98}.Release|Any CPU.Build.0 = Release|Any CPU
		{17912B1D-7F99-4DB0-9736-3C8F238D1602}.Debug|Any CPU.ActiveCfg = Debug|Any CPU
		{17912B1D-7F99-4DB0-9736-3C8F238D1602}.Debug|Any CPU.Build.0 = Debug|Any CPU
		{17912B1D-7F99-4DB0-9736-3C8F238D1602}.Release|Any CPU.ActiveCfg = Release|Any CPU
		{17912B1D-7F99-4DB0-9736-3C8F238D1602}.Release|Any CPU.Build.0 = Release|Any CPU
		{A9726819-2462-4EF7-9251-A315B8833DB0}.Debug|Any CPU.ActiveCfg = Debug|Any CPU
		{A9726819-2462-4EF7-9251-A315B8833DB0}.Debug|Any CPU.Build.0 = Debug|Any CPU
		{A9726819-2462-4EF7-9251-A315B8833DB0}.Release|Any CPU.ActiveCfg = Release|Any CPU
		{A9726819-2462-4EF7-9251-A315B8833DB0}.Release|Any CPU.Build.0 = Release|Any CPU
		{86CAA80F-819E-47E4-8F81-BBF4282D8DB3}.Debug|Any CPU.ActiveCfg = Debug|Any CPU
		{86CAA80F-819E-47E4-8F81-BBF4282D8DB3}.Debug|Any CPU.Build.0 = Debug|Any CPU
		{86CAA80F-819E-47E4-8F81-BBF4282D8DB3}.Release|Any CPU.ActiveCfg = Release|Any CPU
		{86CAA80F-819E-47E4-8F81-BBF4282D8DB3}.Release|Any CPU.Build.0 = Release|Any CPU
		{E57A4266-8D93-44C1-8107-82792E0928AF}.Debug|Any CPU.ActiveCfg = Debug|Any CPU
		{E57A4266-8D93-44C1-8107-82792E0928AF}.Debug|Any CPU.Build.0 = Debug|Any CPU
		{E57A4266-8D93-44C1-8107-82792E0928AF}.Release|Any CPU.ActiveCfg = Release|Any CPU
		{E57A4266-8D93-44C1-8107-82792E0928AF}.Release|Any CPU.Build.0 = Release|Any CPU
	EndGlobalSection
	GlobalSection(SolutionProperties) = preSolution
		HideSolutionNode = FALSE
	EndGlobalSection
EndGlobal
